// !$*UTF8*$!
{
	archiveVersion = 1;
	classes = {
	};
	objectVersion = 48;
	objects = {

/* Begin PBXBuildFile section */
		8304D1C9200669B400EDB750 /* AppDelegate.swift in Sources */ = {isa = PBXBuildFile; fileRef = 8304D1C8200669B400EDB750 /* AppDelegate.swift */; };
		8304D1CE200669B400EDB750 /* Main.storyboard in Resources */ = {isa = PBXBuildFile; fileRef = 8304D1CC200669B400EDB750 /* Main.storyboard */; };
		8304D1D0200669B400EDB750 /* Assets.xcassets in Resources */ = {isa = PBXBuildFile; fileRef = 8304D1CF200669B400EDB750 /* Assets.xcassets */; };
		8304D1D3200669B400EDB750 /* LaunchScreen.storyboard in Resources */ = {isa = PBXBuildFile; fileRef = 8304D1D1200669B400EDB750 /* LaunchScreen.storyboard */; };
		8304D1DE200669B400EDB750 /* FlixTests.swift in Sources */ = {isa = PBXBuildFile; fileRef = 8304D1DD200669B400EDB750 /* FlixTests.swift */; };
		8304D1E9200669B400EDB750 /* FlixUITests.swift in Sources */ = {isa = PBXBuildFile; fileRef = 8304D1E8200669B400EDB750 /* FlixUITests.swift */; };
		8304D1F72006AD8700EDB750 /* NowPlayingViewController.swift in Sources */ = {isa = PBXBuildFile; fileRef = 8304D1F62006AD8700EDB750 /* NowPlayingViewController.swift */; };
		8304D1F92006CBB600EDB750 /* MovieCell.swift in Sources */ = {isa = PBXBuildFile; fileRef = 8304D1F82006CBB600EDB750 /* MovieCell.swift */; };
/* End PBXBuildFile section */

/* Begin PBXContainerItemProxy section */
		8304D1DA200669B400EDB750 /* PBXContainerItemProxy */ = {
			isa = PBXContainerItemProxy;
			containerPortal = 8304D1BD200669B400EDB750 /* Project object */;
			proxyType = 1;
			remoteGlobalIDString = 8304D1C4200669B400EDB750;
			remoteInfo = Flix;
		};
		8304D1E5200669B400EDB750 /* PBXContainerItemProxy */ = {
			isa = PBXContainerItemProxy;
			containerPortal = 8304D1BD200669B400EDB750 /* Project object */;
			proxyType = 1;
			remoteGlobalIDString = 8304D1C4200669B400EDB750;
			remoteInfo = Flix;
		};
/* End PBXContainerItemProxy section */

/* Begin PBXFileReference section */
		8304D1C5200669B400EDB750 /* Flix.app */ = {isa = PBXFileReference; explicitFileType = wrapper.application; includeInIndex = 0; path = Flix.app; sourceTree = BUILT_PRODUCTS_DIR; };
		8304D1C8200669B400EDB750 /* AppDelegate.swift */ = {isa = PBXFileReference; lastKnownFileType = sourcecode.swift; path = AppDelegate.swift; sourceTree = "<group>"; };
		8304D1CD200669B400EDB750 /* Base */ = {isa = PBXFileReference; lastKnownFileType = file.storyboard; name = Base; path = Base.lproj/Main.storyboard; sourceTree = "<group>"; };
		8304D1CF200669B400EDB750 /* Assets.xcassets */ = {isa = PBXFileReference; lastKnownFileType = folder.assetcatalog; path = Assets.xcassets; sourceTree = "<group>"; };
		8304D1D2200669B400EDB750 /* Base */ = {isa = PBXFileReference; lastKnownFileType = file.storyboard; name = Base; path = Base.lproj/LaunchScreen.storyboard; sourceTree = "<group>"; };
		8304D1D4200669B400EDB750 /* Info.plist */ = {isa = PBXFileReference; lastKnownFileType = text.plist.xml; path = Info.plist; sourceTree = "<group>"; };
		8304D1D9200669B400EDB750 /* FlixTests.xctest */ = {isa = PBXFileReference; explicitFileType = wrapper.cfbundle; includeInIndex = 0; path = FlixTests.xctest; sourceTree = BUILT_PRODUCTS_DIR; };
		8304D1DD200669B400EDB750 /* FlixTests.swift */ = {isa = PBXFileReference; lastKnownFileType = sourcecode.swift; path = FlixTests.swift; sourceTree = "<group>"; };
		8304D1DF200669B400EDB750 /* Info.plist */ = {isa = PBXFileReference; lastKnownFileType = text.plist.xml; path = Info.plist; sourceTree = "<group>"; };
		8304D1E4200669B400EDB750 /* FlixUITests.xctest */ = {isa = PBXFileReference; explicitFileType = wrapper.cfbundle; includeInIndex = 0; path = FlixUITests.xctest; sourceTree = BUILT_PRODUCTS_DIR; };
		8304D1E8200669B400EDB750 /* FlixUITests.swift */ = {isa = PBXFileReference; lastKnownFileType = sourcecode.swift; path = FlixUITests.swift; sourceTree = "<group>"; };
		8304D1EA200669B400EDB750 /* Info.plist */ = {isa = PBXFileReference; lastKnownFileType = text.plist.xml; path = Info.plist; sourceTree = "<group>"; };
		8304D1F62006AD8700EDB750 /* NowPlayingViewController.swift */ = {isa = PBXFileReference; lastKnownFileType = sourcecode.swift; path = NowPlayingViewController.swift; sourceTree = "<group>"; };
		8304D1F82006CBB600EDB750 /* MovieCell.swift */ = {isa = PBXFileReference; lastKnownFileType = sourcecode.swift; path = MovieCell.swift; sourceTree = "<group>"; };
/* End PBXFileReference section */

/* Begin PBXFrameworksBuildPhase section */
		8304D1C2200669B400EDB750 /* Frameworks */ = {
			isa = PBXFrameworksBuildPhase;
			buildActionMask = 2147483647;
			files = (
			);
			runOnlyForDeploymentPostprocessing = 0;
		};
		8304D1D6200669B400EDB750 /* Frameworks */ = {
			isa = PBXFrameworksBuildPhase;
			buildActionMask = 2147483647;
			files = (
			);
			runOnlyForDeploymentPostprocessing = 0;
		};
		8304D1E1200669B400EDB750 /* Frameworks */ = {
			isa = PBXFrameworksBuildPhase;
			buildActionMask = 2147483647;
			files = (
			);
			runOnlyForDeploymentPostprocessing = 0;
		};
/* End PBXFrameworksBuildPhase section */

/* Begin PBXGroup section */
		8304D1BC200669B400EDB750 = {
			isa = PBXGroup;
			children = (
				8304D1C7200669B400EDB750 /* Flix */,
				8304D1DC200669B400EDB750 /* FlixTests */,
				8304D1E7200669B400EDB750 /* FlixUITests */,
				8304D1C6200669B400EDB750 /* Products */,
			);
			sourceTree = "<group>";
		};
		8304D1C6200669B400EDB750 /* Products */ = {
			isa = PBXGroup;
			children = (
				8304D1C5200669B400EDB750 /* Flix.app */,
				8304D1D9200669B400EDB750 /* FlixTests.xctest */,
				8304D1E4200669B400EDB750 /* FlixUITests.xctest */,
			);
			name = Products;
			sourceTree = "<group>";
		};
		8304D1C7200669B400EDB750 /* Flix */ = {
			isa = PBXGroup;
			children = (
				8304D1F62006AD8700EDB750 /* NowPlayingViewController.swift */,
				8304D1F82006CBB600EDB750 /* MovieCell.swift */,
				8304D1C8200669B400EDB750 /* AppDelegate.swift */,
				8304D1CC200669B400EDB750 /* Main.storyboard */,
				8304D1CF200669B400EDB750 /* Assets.xcassets */,
				8304D1D1200669B400EDB750 /* LaunchScreen.storyboard */,
				8304D1D4200669B400EDB750 /* Info.plist */,
			);
			path = Flix;
			sourceTree = "<group>";
		};
		8304D1DC200669B400EDB750 /* FlixTests */ = {
			isa = PBXGroup;
			children = (
				8304D1DD200669B400EDB750 /* FlixTests.swift */,
				8304D1DF200669B400EDB750 /* Info.plist */,
			);
			path = FlixTests;
			sourceTree = "<group>";
		};
		8304D1E7200669B400EDB750 /* FlixUITests */ = {
			isa = PBXGroup;
			children = (
				8304D1E8200669B400EDB750 /* FlixUITests.swift */,
				8304D1EA200669B400EDB750 /* Info.plist */,
			);
			path = FlixUITests;
			sourceTree = "<group>";
		};
/* End PBXGroup section */

/* Begin PBXNativeTarget section */
		8304D1C4200669B400EDB750 /* Flix */ = {
			isa = PBXNativeTarget;
			buildConfigurationList = 8304D1ED200669B400EDB750 /* Build configuration list for PBXNativeTarget "Flix" */;
			buildPhases = (
				8304D1C1200669B400EDB750 /* Sources */,
				8304D1C2200669B400EDB750 /* Frameworks */,
				8304D1C3200669B400EDB750 /* Resources */,
			);
			buildRules = (
			);
			dependencies = (
			);
			name = Flix;
			productName = Flix;
			productReference = 8304D1C5200669B400EDB750 /* Flix.app */;
			productType = "com.apple.product-type.application";
		};
		8304D1D8200669B400EDB750 /* FlixTests */ = {
			isa = PBXNativeTarget;
			buildConfigurationList = 8304D1F0200669B400EDB750 /* Build configuration list for PBXNativeTarget "FlixTests" */;
			buildPhases = (
				8304D1D5200669B400EDB750 /* Sources */,
				8304D1D6200669B400EDB750 /* Frameworks */,
				8304D1D7200669B400EDB750 /* Resources */,
			);
			buildRules = (
			);
			dependencies = (
				8304D1DB200669B400EDB750 /* PBXTargetDependency */,
			);
			name = FlixTests;
			productName = FlixTests;
			productReference = 8304D1D9200669B400EDB750 /* FlixTests.xctest */;
			productType = "com.apple.product-type.bundle.unit-test";
		};
		8304D1E3200669B400EDB750 /* FlixUITests */ = {
			isa = PBXNativeTarget;
			buildConfigurationList = 8304D1F3200669B400EDB750 /* Build configuration list for PBXNativeTarget "FlixUITests" */;
			buildPhases = (
				8304D1E0200669B400EDB750 /* Sources */,
				8304D1E1200669B400EDB750 /* Frameworks */,
				8304D1E2200669B400EDB750 /* Resources */,
			);
			buildRules = (
			);
			dependencies = (
				8304D1E6200669B400EDB750 /* PBXTargetDependency */,
			);
			name = FlixUITests;
			productName = FlixUITests;
			productReference = 8304D1E4200669B400EDB750 /* FlixUITests.xctest */;
			productType = "com.apple.product-type.bundle.ui-testing";
		};
/* End PBXNativeTarget section */

/* Begin PBXProject section */
		8304D1BD200669B400EDB750 /* Project object */ = {
			isa = PBXProject;
			attributes = {
				LastSwiftUpdateCheck = 0920;
				LastUpgradeCheck = 0920;
				ORGANIZATIONNAME = "Chris lin";
				TargetAttributes = {
					8304D1C4200669B400EDB750 = {
						CreatedOnToolsVersion = 9.2;
						ProvisioningStyle = Automatic;
					};
					8304D1D8200669B400EDB750 = {
						CreatedOnToolsVersion = 9.2;
						ProvisioningStyle = Automatic;
						TestTargetID = 8304D1C4200669B400EDB750;
					};
					8304D1E3200669B400EDB750 = {
						CreatedOnToolsVersion = 9.2;
						ProvisioningStyle = Automatic;
						TestTargetID = 8304D1C4200669B400EDB750;
					};
				};
			};
			buildConfigurationList = 8304D1C0200669B400EDB750 /* Build configuration list for PBXProject "Flix" */;
			compatibilityVersion = "Xcode 8.0";
			developmentRegion = en;
			hasScannedForEncodings = 0;
			knownRegions = (
				en,
				Base,
			);
			mainGroup = 8304D1BC200669B400EDB750;
			productRefGroup = 8304D1C6200669B400EDB750 /* Products */;
			projectDirPath = "";
			projectRoot = "";
			targets = (
				8304D1C4200669B400EDB750 /* Flix */,
				8304D1D8200669B400EDB750 /* FlixTests */,
				8304D1E3200669B400EDB750 /* FlixUITests */,
			);
		};
/* End PBXProject section */

/* Begin PBXResourcesBuildPhase section */
		8304D1C3200669B400EDB750 /* Resources */ = {
			isa = PBXResourcesBuildPhase;
			buildActionMask = 2147483647;
			files = (
				8304D1D3200669B400EDB750 /* LaunchScreen.storyboard in Resources */,
				8304D1D0200669B400EDB750 /* Assets.xcassets in Resources */,
				8304D1CE200669B400EDB750 /* Main.storyboard in Resources */,
			);
			runOnlyForDeploymentPostprocessing = 0;
		};
		8304D1D7200669B400EDB750 /* Resources */ = {
			isa = PBXResourcesBuildPhase;
			buildActionMask = 2147483647;
			files = (
			);
			runOnlyForDeploymentPostprocessing = 0;
		};
		8304D1E2200669B400EDB750 /* Resources */ = {
			isa = PBXResourcesBuildPhase;
			buildActionMask = 2147483647;
			files = (
			);
			runOnlyForDeploymentPostprocessing = 0;
		};
/* End PBXResourcesBuildPhase section */

/* Begin PBXSourcesBuildPhase section */
		8304D1C1200669B400EDB750 /* Sources */ = {
			isa = PBXSourcesBuildPhase;
			buildActionMask = 2147483647;
			files = (
				8304D1F72006AD8700EDB750 /* NowPlayingViewController.swift in Sources */,
				8304D1C9200669B400EDB750 /* AppDelegate.swift in Sources */,
				8304D1F92006CBB600EDB750 /* MovieCell.swift in Sources */,
			);
			runOnlyForDeploymentPostprocessing = 0;
		};
		8304D1D5200669B400EDB750 /* Sources */ = {
			isa = PBXSourcesBuildPhase;
			buildActionMask = 2147483647;
			files = (
				8304D1DE200669B400EDB750 /* FlixTests.swift in Sources */,
			);
			runOnlyForDeploymentPostprocessing = 0;
		};
		8304D1E0200669B400EDB750 /* Sources */ = {
			isa = PBXSourcesBuildPhase;
			buildActionMask = 2147483647;
			files = (
				8304D1E9200669B400EDB750 /* FlixUITests.swift in Sources */,
			);
			runOnlyForDeploymentPostprocessing = 0;
		};
/* End PBXSourcesBuildPhase section */

/* Begin PBXTargetDependency section */
		8304D1DB200669B400EDB750 /* PBXTargetDependency */ = {
			isa = PBXTargetDependency;
			target = 8304D1C4200669B400EDB750 /* Flix */;
			targetProxy = 8304D1DA200669B400EDB750 /* PBXContainerItemProxy */;
		};
		8304D1E6200669B400EDB750 /* PBXTargetDependency */ = {
			isa = PBXTargetDependency;
			target = 8304D1C4200669B400EDB750 /* Flix */;
			targetProxy = 8304D1E5200669B400EDB750 /* PBXContainerItemProxy */;
		};
/* End PBXTargetDependency section */

/* Begin PBXVariantGroup section */
		8304D1CC200669B400EDB750 /* Main.storyboard */ = {
			isa = PBXVariantGroup;
			children = (
				8304D1CD200669B400EDB750 /* Base */,
			);
			name = Main.storyboard;
			sourceTree = "<group>";
		};
		8304D1D1200669B400EDB750 /* LaunchScreen.storyboard */ = {
			isa = PBXVariantGroup;
			children = (
				8304D1D2200669B400EDB750 /* Base */,
			);
			name = LaunchScreen.storyboard;
			sourceTree = "<group>";
		};
/* End PBXVariantGroup section */

/* Begin XCBuildConfiguration section */
		8304D1EB200669B400EDB750 /* Debug */ = {
			isa = XCBuildConfiguration;
			buildSettings = {
				ALWAYS_SEARCH_USER_PATHS = NO;
				CLANG_ANALYZER_NONNULL = YES;
				CLANG_ANALYZER_NUMBER_OBJECT_CONVERSION = YES_AGGRESSIVE;
				CLANG_CXX_LANGUAGE_STANDARD = "gnu++14";
				CLANG_CXX_LIBRARY = "libc++";
				CLANG_ENABLE_MODULES = YES;
				CLANG_ENABLE_OBJC_ARC = YES;
				CLANG_WARN_BLOCK_CAPTURE_AUTORELEASING = YES;
				CLANG_WARN_BOOL_CONVERSION = YES;
				CLANG_WARN_COMMA = YES;
				CLANG_WARN_CONSTANT_CONVERSION = YES;
				CLANG_WARN_DIRECT_OBJC_ISA_USAGE = YES_ERROR;
				CLANG_WARN_DOCUMENTATION_COMMENTS = YES;
				CLANG_WARN_EMPTY_BODY = YES;
				CLANG_WARN_ENUM_CONVERSION = YES;
				CLANG_WARN_INFINITE_RECURSION = YES;
				CLANG_WARN_INT_CONVERSION = YES;
				CLANG_WARN_NON_LITERAL_NULL_CONVERSION = YES;
				CLANG_WARN_OBJC_LITERAL_CONVERSION = YES;
				CLANG_WARN_OBJC_ROOT_CLASS = YES_ERROR;
				CLANG_WARN_RANGE_LOOP_ANALYSIS = YES;
				CLANG_WARN_STRICT_PROTOTYPES = YES;
				CLANG_WARN_SUSPICIOUS_MOVE = YES;
				CLANG_WARN_UNGUARDED_AVAILABILITY = YES_AGGRESSIVE;
				CLANG_WARN_UNREACHABLE_CODE = YES;
				CLANG_WARN__DUPLICATE_METHOD_MATCH = YES;
				CODE_SIGN_IDENTITY = "iPhone Developer";
				COPY_PHASE_STRIP = NO;
				DEBUG_INFORMATION_FORMAT = dwarf;
				ENABLE_STRICT_OBJC_MSGSEND = YES;
				ENABLE_TESTABILITY = YES;
				GCC_C_LANGUAGE_STANDARD = gnu11;
				GCC_DYNAMIC_NO_PIC = NO;
				GCC_NO_COMMON_BLOCKS = YES;
				GCC_OPTIMIZATION_LEVEL = 0;
				GCC_PREPROCESSOR_DEFINITIONS = (
					"DEBUG=1",
					"$(inherited)",
				);
				GCC_WARN_64_TO_32_BIT_CONVERSION = YES;
				GCC_WARN_ABOUT_RETURN_TYPE = YES_ERROR;
				GCC_WARN_UNDECLARED_SELECTOR = YES;
				GCC_WARN_UNINITIALIZED_AUTOS = YES_AGGRESSIVE;
				GCC_WARN_UNUSED_FUNCTION = YES;
				GCC_WARN_UNUSED_VARIABLE = YES;
				IPHONEOS_DEPLOYMENT_TARGET = 11.2;
				MTL_ENABLE_DEBUG_INFO = YES;
				ONLY_ACTIVE_ARCH = YES;
				SDKROOT = iphoneos;
				SWIFT_ACTIVE_COMPILATION_CONDITIONS = DEBUG;
				SWIFT_OPTIMIZATION_LEVEL = "-Onone";
			};
			name = Debug;
		};
		8304D1EC200669B400EDB750 /* Release */ = {
			isa = XCBuildConfiguration;
			buildSettings = {
				ALWAYS_SEARCH_USER_PATHS = NO;
				CLANG_ANALYZER_NONNULL = YES;
				CLANG_ANALYZER_NUMBER_OBJECT_CONVERSION = YES_AGGRESSIVE;
				CLANG_CXX_LANGUAGE_STANDARD = "gnu++14";
				CLANG_CXX_LIBRARY = "libc++";
				CLANG_ENABLE_MODULES = YES;
				CLANG_ENABLE_OBJC_ARC = YES;
				CLANG_WARN_BLOCK_CAPTURE_AUTORELEASING = YES;
				CLANG_WARN_BOOL_CONVERSION = YES;
				CLANG_WARN_COMMA = YES;
				CLANG_WARN_CONSTANT_CONVERSION = YES;
				CLANG_WARN_DIRECT_OBJC_ISA_USAGE = YES_ERROR;
				CLANG_WARN_DOCUMENTATION_COMMENTS = YES;
				CLANG_WARN_EMPTY_BODY = YES;
				CLANG_WARN_ENUM_CONVERSION = YES;
				CLANG_WARN_INFINITE_RECURSION = YES;
				CLANG_WARN_INT_CONVERSION = YES;
				CLANG_WARN_NON_LITERAL_NULL_CONVERSION = YES;
				CLANG_WARN_OBJC_LITERAL_CONVERSION = YES;
				CLANG_WARN_OBJC_ROOT_CLASS = YES_ERROR;
				CLANG_WARN_RANGE_LOOP_ANALYSIS = YES;
				CLANG_WARN_STRICT_PROTOTYPES = YES;
				CLANG_WARN_SUSPICIOUS_MOVE = YES;
				CLANG_WARN_UNGUARDED_AVAILABILITY = YES_AGGRESSIVE;
				CLANG_WARN_UNREACHABLE_CODE = YES;
				CLANG_WARN__DUPLICATE_METHOD_MATCH = YES;
				CODE_SIGN_IDENTITY = "iPhone Developer";
				COPY_PHASE_STRIP = NO;
				DEBUG_INFORMATION_FORMAT = "dwarf-with-dsym";
				ENABLE_NS_ASSERTIONS = NO;
				ENABLE_STRICT_OBJC_MSGSEND = YES;
				GCC_C_LANGUAGE_STANDARD = gnu11;
				GCC_NO_COMMON_BLOCKS = YES;
				GCC_WARN_64_TO_32_BIT_CONVERSION = YES;
				GCC_WARN_ABOUT_RETURN_TYPE = YES_ERROR;
				GCC_WARN_UNDECLARED_SELECTOR = YES;
				GCC_WARN_UNINITIALIZED_AUTOS = YES_AGGRESSIVE;
				GCC_WARN_UNUSED_FUNCTION = YES;
				GCC_WARN_UNUSED_VARIABLE = YES;
				IPHONEOS_DEPLOYMENT_TARGET = 11.2;
				MTL_ENABLE_DEBUG_INFO = NO;
				SDKROOT = iphoneos;
				SWIFT_OPTIMIZATION_LEVEL = "-Owholemodule";
				VALIDATE_PRODUCT = YES;
			};
			name = Release;
		};
		8304D1EE200669B400EDB750 /* Debug */ = {
			isa = XCBuildConfiguration;
			buildSettings = {
				ASSETCATALOG_COMPILER_APPICON_NAME = AppIcon;
				CODE_SIGN_STYLE = Automatic;
				INFOPLIST_FILE = Flix/Info.plist;
				LD_RUNPATH_SEARCH_PATHS = "$(inherited) @executable_path/Frameworks";
				PRODUCT_BUNDLE_IDENTIFIER = com.codepath.Flix;
				PRODUCT_NAME = "$(TARGET_NAME)";
				SWIFT_VERSION = 4.0;
				TARGETED_DEVICE_FAMILY = "1,2";
			};
			name = Debug;
		};
		8304D1EF200669B400EDB750 /* Release */ = {
			isa = XCBuildConfiguration;
			buildSettings = {
				ASSETCATALOG_COMPILER_APPICON_NAME = AppIcon;
				CODE_SIGN_STYLE = Automatic;
				INFOPLIST_FILE = Flix/Info.plist;
				LD_RUNPATH_SEARCH_PATHS = "$(inherited) @executable_path/Frameworks";
				PRODUCT_BUNDLE_IDENTIFIER = com.codepath.Flix;
				PRODUCT_NAME = "$(TARGET_NAME)";
				SWIFT_VERSION = 4.0;
				TARGETED_DEVICE_FAMILY = "1,2";
			};
			name = Release;
		};
		8304D1F1200669B400EDB750 /* Debug */ = {
			isa = XCBuildConfiguration;
			buildSettings = {
				ALWAYS_EMBED_SWIFT_STANDARD_LIBRARIES = YES;
				BUNDLE_LOADER = "$(TEST_HOST)";
				CODE_SIGN_STYLE = Automatic;
				INFOPLIST_FILE = FlixTests/Info.plist;
				LD_RUNPATH_SEARCH_PATHS = "$(inherited) @executable_path/Frameworks @loader_path/Frameworks";
				PRODUCT_BUNDLE_IDENTIFIER = com.codepath.FlixTests;
				PRODUCT_NAME = "$(TARGET_NAME)";
				SWIFT_VERSION = 4.0;
				TARGETED_DEVICE_FAMILY = "1,2";
				TEST_HOST = "$(BUILT_PRODUCTS_DIR)/Flix.app/Flix";
			};
			name = Debug;
		};
		8304D1F2200669B400EDB750 /* Release */ = {
			isa = XCBuildConfiguration;
			buildSettings = {
				ALWAYS_EMBED_SWIFT_STANDARD_LIBRARIES = YES;
				BUNDLE_LOADER = "$(TEST_HOST)";
				CODE_SIGN_STYLE = Automatic;
				INFOPLIST_FILE = FlixTests/Info.plist;
				LD_RUNPATH_SEARCH_PATHS = "$(inherited) @executable_path/Frameworks @loader_path/Frameworks";
				PRODUCT_BUNDLE_IDENTIFIER = com.codepath.FlixTests;
				PRODUCT_NAME = "$(TARGET_NAME)";
				SWIFT_VERSION = 4.0;
				TARGETED_DEVICE_FAMILY = "1,2";
				TEST_HOST = "$(BUILT_PRODUCTS_DIR)/Flix.app/Flix";
			};
			name = Release;
		};
		8304D1F4200669B400EDB750 /* Debug */ = {
			isa = XCBuildConfiguration;
			buildSettings = {
				ALWAYS_EMBED_SWIFT_STANDARD_LIBRARIES = YES;
				CODE_SIGN_STYLE = Automatic;
				INFOPLIST_FILE = FlixUITests/Info.plist;
				LD_RUNPATH_SEARCH_PATHS = "$(inherited) @executable_path/Frameworks @loader_path/Frameworks";
				PRODUCT_BUNDLE_IDENTIFIER = com.codepath.FlixUITests;
				PRODUCT_NAME = "$(TARGET_NAME)";
				SWIFT_VERSION = 4.0;
				TARGETED_DEVICE_FAMILY = "1,2";
				TEST_TARGET_NAME = Flix;
			};
			name = Debug;
		};
		8304D1F5200669B400EDB750 /* Release */ = {
			isa = XCBuildConfiguration;
			buildSettings = {
				ALWAYS_EMBED_SWIFT_STANDARD_LIBRARIES = YES;
				CODE_SIGN_STYLE = Automatic;
				INFOPLIST_FILE = FlixUITests/Info.plist;
				LD_RUNPATH_SEARCH_PATHS = "$(inherited) @executable_path/Frameworks @loader_path/Frameworks";
				PRODUCT_BUNDLE_IDENTIFIER = com.codepath.FlixUITests;
				PRODUCT_NAME = "$(TARGET_NAME)";
				SWIFT_VERSION = 4.0;
				TARGETED_DEVICE_FAMILY = "1,2";
				TEST_TARGET_NAME = Flix;
			};
			name = Release;
		};
/* End XCBuildConfiguration section */

/* Begin XCConfigurationList section */
		8304D1C0200669B400EDB750 /* Build configuration list for PBXProject "Flix" */ = {
			isa = XCConfigurationList;
			buildConfigurations = (
				8304D1EB200669B400EDB750 /* Debug */,
				8304D1EC200669B400EDB750 /* Release */,
			);
			defaultConfigurationIsVisible = 0;
			defaultConfigurationName = Release;
		};
		8304D1ED200669B400EDB750 /* Build configuration list for PBXNativeTarget "Flix" */ = {
			isa = XCConfigurationList;
			buildConfigurations = (
				8304D1EE200669B400EDB750 /* Debug */,
				8304D1EF200669B400EDB750 /* Release */,
			);
			defaultConfigurationIsVisible = 0;
			defaultConfigurationName = Release;
		};
		8304D1F0200669B400EDB750 /* Build configuration list for PBXNativeTarget "FlixTests" */ = {
			isa = XCConfigurationList;
			buildConfigurations = (
				8304D1F1200669B400EDB750 /* Debug */,
				8304D1F2200669B400EDB750 /* Release */,
			);
			defaultConfigurationIsVisible = 0;
			defaultConfigurationName = Release;
		};
		8304D1F3200669B400EDB750 /* Build configuration list for PBXNativeTarget "FlixUITests" */ = {
			isa = XCConfigurationList;
			buildConfigurations = (
				8304D1F4200669B400EDB750 /* Debug */,
				8304D1F5200669B400EDB750 /* Release */,
			);
			defaultConfigurationIsVisible = 0;
			defaultConfigurationName = Release;
		};
/* End XCConfigurationList section */
	};
	rootObject = 8304D1BD200669B400EDB750 /* Project object */;
}
