// !$*UTF8*$!
{
	archiveVersion = 1;
	classes = {
	};
	objectVersion = 48;
	objects = {

/* Begin PBXBuildFile section */
		7EB90B3559D0841E73CAC48B /* Pods_FlixUITests.framework in Frameworks */ = {isa = PBXBuildFile; fileRef = 4178D691746D2253C415E4FA /* Pods_FlixUITests.framework */; };
		8304D1C9200669B400EDB750 /* AppDelegate.swift in Sources */ = {isa = PBXBuildFile; fileRef = 8304D1C8200669B400EDB750 /* AppDelegate.swift */; };
		8304D1CE200669B400EDB750 /* Main.storyboard in Resources */ = {isa = PBXBuildFile; fileRef = 8304D1CC200669B400EDB750 /* Main.storyboard */; };
		8304D1D0200669B400EDB750 /* Assets.xcassets in Resources */ = {isa = PBXBuildFile; fileRef = 8304D1CF200669B400EDB750 /* Assets.xcassets */; };
		8304D1D3200669B400EDB750 /* LaunchScreen.storyboard in Resources */ = {isa = PBXBuildFile; fileRef = 8304D1D1200669B400EDB750 /* LaunchScreen.storyboard */; };
		8304D1DE200669B400EDB750 /* FlixTests.swift in Sources */ = {isa = PBXBuildFile; fileRef = 8304D1DD200669B400EDB750 /* FlixTests.swift */; };
		8304D1E9200669B400EDB750 /* FlixUITests.swift in Sources */ = {isa = PBXBuildFile; fileRef = 8304D1E8200669B400EDB750 /* FlixUITests.swift */; };
		8304D1F72006AD8700EDB750 /* NowPlayingViewController.swift in Sources */ = {isa = PBXBuildFile; fileRef = 8304D1F62006AD8700EDB750 /* NowPlayingViewController.swift */; };
		8304D1F92006CBB600EDB750 /* MovieCell.swift in Sources */ = {isa = PBXBuildFile; fileRef = 8304D1F82006CBB600EDB750 /* MovieCell.swift */; };
		8328B8D52013E53200F79685 /* DetailViewController.swift in Sources */ = {isa = PBXBuildFile; fileRef = 8328B8D42013E53200F79685 /* DetailViewController.swift */; };
		9684D3F39E18E97FA19486C5 /* Pods_Flix.framework in Frameworks */ = {isa = PBXBuildFile; fileRef = 95C9F3B74F0713586BB344ED /* Pods_Flix.framework */; };
		9E343988FF770AB254713E62 /* Pods_FlixTests.framework in Frameworks */ = {isa = PBXBuildFile; fileRef = 3A6F04857A3F0ADD4DC98CAC /* Pods_FlixTests.framework */; };
/* End PBXBuildFile section */

/* Begin PBXContainerItemProxy section */
		8304D1DA200669B400EDB750 /* PBXContainerItemProxy */ = {
			isa = PBXContainerItemProxy;
			containerPortal = 8304D1BD200669B400EDB750 /* Project object */;
			proxyType = 1;
			remoteGlobalIDString = 8304D1C4200669B400EDB750;
			remoteInfo = Flix;
		};
		8304D1E5200669B400EDB750 /* PBXContainerItemProxy */ = {
			isa = PBXContainerItemProxy;
			containerPortal = 8304D1BD200669B400EDB750 /* Project object */;
			proxyType = 1;
			remoteGlobalIDString = 8304D1C4200669B400EDB750;
			remoteInfo = Flix;
		};
/* End PBXContainerItemProxy section */

/* Begin PBXFileReference section */
		0F5E180E62EF193F9C3E4E71 /* Pods-Flix.debug.xcconfig */ = {isa = PBXFileReference; includeInIndex = 1; lastKnownFileType = text.xcconfig; name = "Pods-Flix.debug.xcconfig"; path = "Pods/Target Support Files/Pods-Flix/Pods-Flix.debug.xcconfig"; sourceTree = "<group>"; };
		1BAB21AE60F6AE30E3634C95 /* Pods-Flix.release.xcconfig */ = {isa = PBXFileReference; includeInIndex = 1; lastKnownFileType = text.xcconfig; name = "Pods-Flix.release.xcconfig"; path = "Pods/Target Support Files/Pods-Flix/Pods-Flix.release.xcconfig"; sourceTree = "<group>"; };
		3A6F04857A3F0ADD4DC98CAC /* Pods_FlixTests.framework */ = {isa = PBXFileReference; explicitFileType = wrapper.framework; includeInIndex = 0; path = Pods_FlixTests.framework; sourceTree = BUILT_PRODUCTS_DIR; };
		4178D691746D2253C415E4FA /* Pods_FlixUITests.framework */ = {isa = PBXFileReference; explicitFileType = wrapper.framework; includeInIndex = 0; path = Pods_FlixUITests.framework; sourceTree = BUILT_PRODUCTS_DIR; };
		709B343911EBDBD3EF0CA669 /* Pods-FlixUITests.release.xcconfig */ = {isa = PBXFileReference; includeInIndex = 1; lastKnownFileType = text.xcconfig; name = "Pods-FlixUITests.release.xcconfig"; path = "Pods/Target Support Files/Pods-FlixUITests/Pods-FlixUITests.release.xcconfig"; sourceTree = "<group>"; };
		8304D1C5200669B400EDB750 /* Flix.app */ = {isa = PBXFileReference; explicitFileType = wrapper.application; includeInIndex = 0; path = Flix.app; sourceTree = BUILT_PRODUCTS_DIR; };
		8304D1C8200669B400EDB750 /* AppDelegate.swift */ = {isa = PBXFileReference; lastKnownFileType = sourcecode.swift; path = AppDelegate.swift; sourceTree = "<group>"; };
		8304D1CD200669B400EDB750 /* Base */ = {isa = PBXFileReference; lastKnownFileType = file.storyboard; name = Base; path = Base.lproj/Main.storyboard; sourceTree = "<group>"; };
		8304D1CF200669B400EDB750 /* Assets.xcassets */ = {isa = PBXFileReference; lastKnownFileType = folder.assetcatalog; path = Assets.xcassets; sourceTree = "<group>"; };
		8304D1D2200669B400EDB750 /* Base */ = {isa = PBXFileReference; lastKnownFileType = file.storyboard; name = Base; path = Base.lproj/LaunchScreen.storyboard; sourceTree = "<group>"; };
		8304D1D4200669B400EDB750 /* Info.plist */ = {isa = PBXFileReference; lastKnownFileType = text.plist.xml; path = Info.plist; sourceTree = "<group>"; };
		8304D1D9200669B400EDB750 /* FlixTests.xctest */ = {isa = PBXFileReference; explicitFileType = wrapper.cfbundle; includeInIndex = 0; path = FlixTests.xctest; sourceTree = BUILT_PRODUCTS_DIR; };
		8304D1DD200669B400EDB750 /* FlixTests.swift */ = {isa = PBXFileReference; lastKnownFileType = sourcecode.swift; path = FlixTests.swift; sourceTree = "<group>"; };
		8304D1DF200669B400EDB750 /* Info.plist */ = {isa = PBXFileReference; lastKnownFileType = text.plist.xml; path = Info.plist; sourceTree = "<group>"; };
		8304D1E4200669B400EDB750 /* FlixUITests.xctest */ = {isa = PBXFileReference; explicitFileType = wrapper.cfbundle; includeInIndex = 0; path = FlixUITests.xctest; sourceTree = BUILT_PRODUCTS_DIR; };
		8304D1E8200669B400EDB750 /* FlixUITests.swift */ = {isa = PBXFileReference; lastKnownFileType = sourcecode.swift; path = FlixUITests.swift; sourceTree = "<group>"; };
		8304D1EA200669B400EDB750 /* Info.plist */ = {isa = PBXFileReference; lastKnownFileType = text.plist.xml; path = Info.plist; sourceTree = "<group>"; };
		8304D1F62006AD8700EDB750 /* NowPlayingViewController.swift */ = {isa = PBXFileReference; lastKnownFileType = sourcecode.swift; path = NowPlayingViewController.swift; sourceTree = "<group>"; };
		8304D1F82006CBB600EDB750 /* MovieCell.swift */ = {isa = PBXFileReference; lastKnownFileType = sourcecode.swift; path = MovieCell.swift; sourceTree = "<group>"; };
		8328B8D42013E53200F79685 /* DetailViewController.swift */ = {isa = PBXFileReference; lastKnownFileType = sourcecode.swift; path = DetailViewController.swift; sourceTree = "<group>"; };
		8EB8CB5F3E82F84B236113CF /* Pods-FlixTests.debug.xcconfig */ = {isa = PBXFileReference; includeInIndex = 1; lastKnownFileType = text.xcconfig; name = "Pods-FlixTests.debug.xcconfig"; path = "Pods/Target Support Files/Pods-FlixTests/Pods-FlixTests.debug.xcconfig"; sourceTree = "<group>"; };
		95C9F3B74F0713586BB344ED /* Pods_Flix.framework */ = {isa = PBXFileReference; explicitFileType = wrapper.framework; includeInIndex = 0; path = Pods_Flix.framework; sourceTree = BUILT_PRODUCTS_DIR; };
		99DFF0CF1D464E7F49F34275 /* Pods-FlixUITests.debug.xcconfig */ = {isa = PBXFileReference; includeInIndex = 1; lastKnownFileType = text.xcconfig; name = "Pods-FlixUITests.debug.xcconfig"; path = "Pods/Target Support Files/Pods-FlixUITests/Pods-FlixUITests.debug.xcconfig"; sourceTree = "<group>"; };
		9E6BD6C1921A8A0051BECDD2 /* Pods-FlixTests.release.xcconfig */ = {isa = PBXFileReference; includeInIndex = 1; lastKnownFileType = text.xcconfig; name = "Pods-FlixTests.release.xcconfig"; path = "Pods/Target Support Files/Pods-FlixTests/Pods-FlixTests.release.xcconfig"; sourceTree = "<group>"; };
/* End PBXFileReference section */

/* Begin PBXFrameworksBuildPhase section */
		8304D1C2200669B400EDB750 /* Frameworks */ = {
			isa = PBXFrameworksBuildPhase;
			buildActionMask = 2147483647;
			files = (
				9684D3F39E18E97FA19486C5 /* Pods_Flix.framework in Frameworks */,
			);
			runOnlyForDeploymentPostprocessing = 0;
		};
		8304D1D6200669B400EDB750 /* Frameworks */ = {
			isa = PBXFrameworksBuildPhase;
			buildActionMask = 2147483647;
			files = (
				9E343988FF770AB254713E62 /* Pods_FlixTests.framework in Frameworks */,
			);
			runOnlyForDeploymentPostprocessing = 0;
		};
		8304D1E1200669B400EDB750 /* Frameworks */ = {
			isa = PBXFrameworksBuildPhase;
			buildActionMask = 2147483647;
			files = (
				7EB90B3559D0841E73CAC48B /* Pods_FlixUITests.framework in Frameworks */,
			);
			runOnlyForDeploymentPostprocessing = 0;
		};
/* End PBXFrameworksBuildPhase section */

/* Begin PBXGroup section */
		1E4A8C11B458B989E4423A65 /* Pods */ = {
			isa = PBXGroup;
			children = (
				0F5E180E62EF193F9C3E4E71 /* Pods-Flix.debug.xcconfig */,
				1BAB21AE60F6AE30E3634C95 /* Pods-Flix.release.xcconfig */,
				8EB8CB5F3E82F84B236113CF /* Pods-FlixTests.debug.xcconfig */,
				9E6BD6C1921A8A0051BECDD2 /* Pods-FlixTests.release.xcconfig */,
				99DFF0CF1D464E7F49F34275 /* Pods-FlixUITests.debug.xcconfig */,
				709B343911EBDBD3EF0CA669 /* Pods-FlixUITests.release.xcconfig */,
			);
			name = Pods;
			sourceTree = "<group>";
		};
		5EE88CA54F5AF12728301335 /* Frameworks */ = {
			isa = PBXGroup;
			children = (
				95C9F3B74F0713586BB344ED /* Pods_Flix.framework */,
				3A6F04857A3F0ADD4DC98CAC /* Pods_FlixTests.framework */,
				4178D691746D2253C415E4FA /* Pods_FlixUITests.framework */,
			);
			name = Frameworks;
			sourceTree = "<group>";
		};
		8304D1BC200669B400EDB750 = {
			isa = PBXGroup;
			children = (
				8304D1C7200669B400EDB750 /* Flix */,
				8304D1DC200669B400EDB750 /* FlixTests */,
				8304D1E7200669B400EDB750 /* FlixUITests */,
				8304D1C6200669B400EDB750 /* Products */,
				1E4A8C11B458B989E4423A65 /* Pods */,
				5EE88CA54F5AF12728301335 /* Frameworks */,
			);
			sourceTree = "<group>";
		};
		8304D1C6200669B400EDB750 /* Products */ = {
			isa = PBXGroup;
			children = (
				8304D1C5200669B400EDB750 /* Flix.app */,
				8304D1D9200669B400EDB750 /* FlixTests.xctest */,
				8304D1E4200669B400EDB750 /* FlixUITests.xctest */,
			);
			name = Products;
			sourceTree = "<group>";
		};
		8304D1C7200669B400EDB750 /* Flix */ = {
			isa = PBXGroup;
			children = (
				8328B8D32013E4F500F79685 /* Views */,
				8328B8D22013E4DB00F79685 /* View Controllers */,
				8304D1C8200669B400EDB750 /* AppDelegate.swift */,
				8304D1CC200669B400EDB750 /* Main.storyboard */,
				8304D1CF200669B400EDB750 /* Assets.xcassets */,
				8304D1D1200669B400EDB750 /* LaunchScreen.storyboard */,
				8304D1D4200669B400EDB750 /* Info.plist */,
			);
			path = Flix;
			sourceTree = "<group>";
		};
		8304D1DC200669B400EDB750 /* FlixTests */ = {
			isa = PBXGroup;
			children = (
				8304D1DD200669B400EDB750 /* FlixTests.swift */,
				8304D1DF200669B400EDB750 /* Info.plist */,
			);
			path = FlixTests;
			sourceTree = "<group>";
		};
		8304D1E7200669B400EDB750 /* FlixUITests */ = {
			isa = PBXGroup;
			children = (
				8304D1E8200669B400EDB750 /* FlixUITests.swift */,
				8304D1EA200669B400EDB750 /* Info.plist */,
			);
			path = FlixUITests;
			sourceTree = "<group>";
		};
		8328B8D22013E4DB00F79685 /* View Controllers */ = {
			isa = PBXGroup;
			children = (
				8304D1F62006AD8700EDB750 /* NowPlayingViewController.swift */,
				8328B8D42013E53200F79685 /* DetailViewController.swift */,
			);
			path = "View Controllers";
			sourceTree = "<group>";
		};
		8328B8D32013E4F500F79685 /* Views */ = {
			isa = PBXGroup;
			children = (
				8304D1F82006CBB600EDB750 /* MovieCell.swift */,
			);
			path = Views;
			sourceTree = "<group>";
		};
/* End PBXGroup section */

/* Begin PBXNativeTarget section */
		8304D1C4200669B400EDB750 /* Flix */ = {
			isa = PBXNativeTarget;
			buildConfigurationList = 8304D1ED200669B400EDB750 /* Build configuration list for PBXNativeTarget "Flix" */;
			buildPhases = (
				6F84985BA07D1F85F7DA99E6 /* [CP] Check Pods Manifest.lock */,
				8304D1C1200669B400EDB750 /* Sources */,
				8304D1C2200669B400EDB750 /* Frameworks */,
				8304D1C3200669B400EDB750 /* Resources */,
				945EF25197570FE7C3BCA5D3 /* [CP] Embed Pods Frameworks */,
				3977A649D682A55947725573 /* [CP] Copy Pods Resources */,
			);
			buildRules = (
			);
			dependencies = (
			);
			name = Flix;
			productName = Flix;
			productReference = 8304D1C5200669B400EDB750 /* Flix.app */;
			productType = "com.apple.product-type.application";
		};
		8304D1D8200669B400EDB750 /* FlixTests */ = {
			isa = PBXNativeTarget;
			buildConfigurationList = 8304D1F0200669B400EDB750 /* Build configuration list for PBXNativeTarget "FlixTests" */;
			buildPhases = (
				22CE66260D07D929E7CAF5EA /* [CP] Check Pods Manifest.lock */,
				8304D1D5200669B400EDB750 /* Sources */,
				8304D1D6200669B400EDB750 /* Frameworks */,
				8304D1D7200669B400EDB750 /* Resources */,
				52A99528DF8555F59457B17F /* [CP] Embed Pods Frameworks */,
				D0C0A2A9AAD9DBB62ED83A16 /* [CP] Copy Pods Resources */,
			);
			buildRules = (
			);
			dependencies = (
				8304D1DB200669B400EDB750 /* PBXTargetDependency */,
			);
			name = FlixTests;
			productName = FlixTests;
			productReference = 8304D1D9200669B400EDB750 /* FlixTests.xctest */;
			productType = "com.apple.product-type.bundle.unit-test";
		};
		8304D1E3200669B400EDB750 /* FlixUITests */ = {
			isa = PBXNativeTarget;
			buildConfigurationList = 8304D1F3200669B400EDB750 /* Build configuration list for PBXNativeTarget "FlixUITests" */;
			buildPhases = (
				E3C74B83D14D11E0FBC66283 /* [CP] Check Pods Manifest.lock */,
				8304D1E0200669B400EDB750 /* Sources */,
				8304D1E1200669B400EDB750 /* Frameworks */,
				8304D1E2200669B400EDB750 /* Resources */,
				651391EE3C6AC4EDB534AAA3 /* [CP] Embed Pods Frameworks */,
				62AA1429CAB0117797D9B728 /* [CP] Copy Pods Resources */,
			);
			buildRules = (
			);
			dependencies = (
				8304D1E6200669B400EDB750 /* PBXTargetDependency */,
			);
			name = FlixUITests;
			productName = FlixUITests;
			productReference = 8304D1E4200669B400EDB750 /* FlixUITests.xctest */;
			productType = "com.apple.product-type.bundle.ui-testing";
		};
/* End PBXNativeTarget section */

/* Begin PBXProject section */
		8304D1BD200669B400EDB750 /* Project object */ = {
			isa = PBXProject;
			attributes = {
				LastSwiftUpdateCheck = 0920;
				LastUpgradeCheck = 0920;
				ORGANIZATIONNAME = "Chris lin";
				TargetAttributes = {
					8304D1C4200669B400EDB750 = {
						CreatedOnToolsVersion = 9.2;
						ProvisioningStyle = Automatic;
					};
					8304D1D8200669B400EDB750 = {
						CreatedOnToolsVersion = 9.2;
						ProvisioningStyle = Automatic;
						TestTargetID = 8304D1C4200669B400EDB750;
					};
					8304D1E3200669B400EDB750 = {
						CreatedOnToolsVersion = 9.2;
						ProvisioningStyle = Automatic;
						TestTargetID = 8304D1C4200669B400EDB750;
					};
				};
			};
			buildConfigurationList = 8304D1C0200669B400EDB750 /* Build configuration list for PBXProject "Flix" */;
			compatibilityVersion = "Xcode 8.0";
			developmentRegion = en;
			hasScannedForEncodings = 0;
			knownRegions = (
				en,
				Base,
			);
			mainGroup = 8304D1BC200669B400EDB750;
			productRefGroup = 8304D1C6200669B400EDB750 /* Products */;
			projectDirPath = "";
			projectRoot = "";
			targets = (
				8304D1C4200669B400EDB750 /* Flix */,
				8304D1D8200669B400EDB750 /* FlixTests */,
				8304D1E3200669B400EDB750 /* FlixUITests */,
			);
		};
/* End PBXProject section */

/* Begin PBXResourcesBuildPhase section */
		8304D1C3200669B400EDB750 /* Resources */ = {
			isa = PBXResourcesBuildPhase;
			buildActionMask = 2147483647;
			files = (
				8304D1D3200669B400EDB750 /* LaunchScreen.storyboard in Resources */,
				8304D1D0200669B400EDB750 /* Assets.xcassets in Resources */,
				8304D1CE200669B400EDB750 /* Main.storyboard in Resources */,
			);
			runOnlyForDeploymentPostprocessing = 0;
		};
		8304D1D7200669B400EDB750 /* Resources */ = {
			isa = PBXResourcesBuildPhase;
			buildActionMask = 2147483647;
			files = (
			);
			runOnlyForDeploymentPostprocessing = 0;
		};
		8304D1E2200669B400EDB750 /* Resources */ = {
			isa = PBXResourcesBuildPhase;
			buildActionMask = 2147483647;
			files = (
			);
			runOnlyForDeploymentPostprocessing = 0;
		};
/* End PBXResourcesBuildPhase section */

/* Begin PBXShellScriptBuildPhase section */
		22CE66260D07D929E7CAF5EA /* [CP] Check Pods Manifest.lock */ = {
			isa = PBXShellScriptBuildPhase;
			buildActionMask = 2147483647;
			files = (
			);
			inputPaths = (
				"${PODS_PODFILE_DIR_PATH}/Podfile.lock",
				"${PODS_ROOT}/Manifest.lock",
			);
			name = "[CP] Check Pods Manifest.lock";
			outputPaths = (
				"$(DERIVED_FILE_DIR)/Pods-FlixTests-checkManifestLockResult.txt",
			);
			runOnlyForDeploymentPostprocessing = 0;
			shellPath = /bin/sh;
			shellScript = "diff \"${PODS_PODFILE_DIR_PATH}/Podfile.lock\" \"${PODS_ROOT}/Manifest.lock\" > /dev/null\nif [ $? != 0 ] ; then\n    # print error to STDERR\n    echo \"error: The sandbox is not in sync with the Podfile.lock. Run 'pod install' or update your CocoaPods installation.\" >&2\n    exit 1\nfi\n# This output is used by Xcode 'outputs' to avoid re-running this script phase.\necho \"SUCCESS\" > \"${SCRIPT_OUTPUT_FILE_0}\"\n";
			showEnvVarsInLog = 0;
		};
		3977A649D682A55947725573 /* [CP] Copy Pods Resources */ = {
			isa = PBXShellScriptBuildPhase;
			buildActionMask = 2147483647;
			files = (
			);
			inputPaths = (
			);
			name = "[CP] Copy Pods Resources";
			outputPaths = (
			);
			runOnlyForDeploymentPostprocessing = 0;
			shellPath = /bin/sh;
			shellScript = "\"${SRCROOT}/Pods/Target Support Files/Pods-Flix/Pods-Flix-resources.sh\"\n";
			showEnvVarsInLog = 0;
		};
		52A99528DF8555F59457B17F /* [CP] Embed Pods Frameworks */ = {
			isa = PBXShellScriptBuildPhase;
			buildActionMask = 2147483647;
			files = (
			);
			inputPaths = (
			);
			name = "[CP] Embed Pods Frameworks";
			outputPaths = (
			);
			runOnlyForDeploymentPostprocessing = 0;
			shellPath = /bin/sh;
			shellScript = "\"${SRCROOT}/Pods/Target Support Files/Pods-FlixTests/Pods-FlixTests-frameworks.sh\"\n";
			showEnvVarsInLog = 0;
		};
		62AA1429CAB0117797D9B728 /* [CP] Copy Pods Resources */ = {
			isa = PBXShellScriptBuildPhase;
			buildActionMask = 2147483647;
			files = (
			);
			inputPaths = (
			);
			name = "[CP] Copy Pods Resources";
			outputPaths = (
			);
			runOnlyForDeploymentPostprocessing = 0;
			shellPath = /bin/sh;
			shellScript = "\"${SRCROOT}/Pods/Target Support Files/Pods-FlixUITests/Pods-FlixUITests-resources.sh\"\n";
			showEnvVarsInLog = 0;
		};
		651391EE3C6AC4EDB534AAA3 /* [CP] Embed Pods Frameworks */ = {
			isa = PBXShellScriptBuildPhase;
			buildActionMask = 2147483647;
			files = (
			);
			inputPaths = (
			);
			name = "[CP] Embed Pods Frameworks";
			outputPaths = (
			);
			runOnlyForDeploymentPostprocessing = 0;
			shellPath = /bin/sh;
			shellScript = "\"${SRCROOT}/Pods/Target Support Files/Pods-FlixUITests/Pods-FlixUITests-frameworks.sh\"\n";
			showEnvVarsInLog = 0;
		};
		6F84985BA07D1F85F7DA99E6 /* [CP] Check Pods Manifest.lock */ = {
			isa = PBXShellScriptBuildPhase;
			buildActionMask = 2147483647;
			files = (
			);
			inputPaths = (
				"${PODS_PODFILE_DIR_PATH}/Podfile.lock",
				"${PODS_ROOT}/Manifest.lock",
			);
			name = "[CP] Check Pods Manifest.lock";
			outputPaths = (
				"$(DERIVED_FILE_DIR)/Pods-Flix-checkManifestLockResult.txt",
			);
			runOnlyForDeploymentPostprocessing = 0;
			shellPath = /bin/sh;
			shellScript = "diff \"${PODS_PODFILE_DIR_PATH}/Podfile.lock\" \"${PODS_ROOT}/Manifest.lock\" > /dev/null\nif [ $? != 0 ] ; then\n    # print error to STDERR\n    echo \"error: The sandbox is not in sync with the Podfile.lock. Run 'pod install' or update your CocoaPods installation.\" >&2\n    exit 1\nfi\n# This output is used by Xcode 'outputs' to avoid re-running this script phase.\necho \"SUCCESS\" > \"${SCRIPT_OUTPUT_FILE_0}\"\n";
			showEnvVarsInLog = 0;
		};
		945EF25197570FE7C3BCA5D3 /* [CP] Embed Pods Frameworks */ = {
			isa = PBXShellScriptBuildPhase;
			buildActionMask = 2147483647;
			files = (
			);
			inputPaths = (
				"${SRCROOT}/Pods/Target Support Files/Pods-Flix/Pods-Flix-frameworks.sh",
				"${BUILT_PRODUCTS_DIR}/Alamofire/Alamofire.framework",
				"${BUILT_PRODUCTS_DIR}/AlamofireImage/AlamofireImage.framework",
			);
			name = "[CP] Embed Pods Frameworks";
			outputPaths = (
				"${TARGET_BUILD_DIR}/${FRAMEWORKS_FOLDER_PATH}/Alamofire.framework",
				"${TARGET_BUILD_DIR}/${FRAMEWORKS_FOLDER_PATH}/AlamofireImage.framework",
			);
			runOnlyForDeploymentPostprocessing = 0;
			shellPath = /bin/sh;
			shellScript = "\"${SRCROOT}/Pods/Target Support Files/Pods-Flix/Pods-Flix-frameworks.sh\"\n";
			showEnvVarsInLog = 0;
		};
		D0C0A2A9AAD9DBB62ED83A16 /* [CP] Copy Pods Resources */ = {
			isa = PBXShellScriptBuildPhase;
			buildActionMask = 2147483647;
			files = (
			);
			inputPaths = (
			);
			name = "[CP] Copy Pods Resources";
			outputPaths = (
			);
			runOnlyForDeploymentPostprocessing = 0;
			shellPath = /bin/sh;
			shellScript = "\"${SRCROOT}/Pods/Target Support Files/Pods-FlixTests/Pods-FlixTests-resources.sh\"\n";
			showEnvVarsInLog = 0;
		};
		E3C74B83D14D11E0FBC66283 /* [CP] Check Pods Manifest.lock */ = {
			isa = PBXShellScriptBuildPhase;
			buildActionMask = 2147483647;
			files = (
			);
			inputPaths = (
				"${PODS_PODFILE_DIR_PATH}/Podfile.lock",
				"${PODS_ROOT}/Manifest.lock",
			);
			name = "[CP] Check Pods Manifest.lock";
			outputPaths = (
				"$(DERIVED_FILE_DIR)/Pods-FlixUITests-checkManifestLockResult.txt",
			);
			runOnlyForDeploymentPostprocessing = 0;
			shellPath = /bin/sh;
			shellScript = "diff \"${PODS_PODFILE_DIR_PATH}/Podfile.lock\" \"${PODS_ROOT}/Manifest.lock\" > /dev/null\nif [ $? != 0 ] ; then\n    # print error to STDERR\n    echo \"error: The sandbox is not in sync with the Podfile.lock. Run 'pod install' or update your CocoaPods installation.\" >&2\n    exit 1\nfi\n# This output is used by Xcode 'outputs' to avoid re-running this script phase.\necho \"SUCCESS\" > \"${SCRIPT_OUTPUT_FILE_0}\"\n";
			showEnvVarsInLog = 0;
		};
/* End PBXShellScriptBuildPhase section */

/* Begin PBXSourcesBuildPhase section */
		8304D1C1200669B400EDB750 /* Sources */ = {
			isa = PBXSourcesBuildPhase;
			buildActionMask = 2147483647;
			files = (
				8304D1F72006AD8700EDB750 /* NowPlayingViewController.swift in Sources */,
				8304D1C9200669B400EDB750 /* AppDelegate.swift in Sources */,
				8304D1F92006CBB600EDB750 /* MovieCell.swift in Sources */,
				8328B8D52013E53200F79685 /* DetailViewController.swift in Sources */,
			);
			runOnlyForDeploymentPostprocessing = 0;
		};
		8304D1D5200669B400EDB750 /* Sources */ = {
			isa = PBXSourcesBuildPhase;
			buildActionMask = 2147483647;
			files = (
				8304D1DE200669B400EDB750 /* FlixTests.swift in Sources */,
			);
			runOnlyForDeploymentPostprocessing = 0;
		};
		8304D1E0200669B400EDB750 /* Sources */ = {
			isa = PBXSourcesBuildPhase;
			buildActionMask = 2147483647;
			files = (
				8304D1E9200669B400EDB750 /* FlixUITests.swift in Sources */,
			);
			runOnlyForDeploymentPostprocessing = 0;
		};
/* End PBXSourcesBuildPhase section */

/* Begin PBXTargetDependency section */
		8304D1DB200669B400EDB750 /* PBXTargetDependency */ = {
			isa = PBXTargetDependency;
			target = 8304D1C4200669B400EDB750 /* Flix */;
			targetProxy = 8304D1DA200669B400EDB750 /* PBXContainerItemProxy */;
		};
		8304D1E6200669B400EDB750 /* PBXTargetDependency */ = {
			isa = PBXTargetDependency;
			target = 8304D1C4200669B400EDB750 /* Flix */;
			targetProxy = 8304D1E5200669B400EDB750 /* PBXContainerItemProxy */;
		};
/* End PBXTargetDependency section */

/* Begin PBXVariantGroup section */
		8304D1CC200669B400EDB750 /* Main.storyboard */ = {
			isa = PBXVariantGroup;
			children = (
				8304D1CD200669B400EDB750 /* Base */,
			);
			name = Main.storyboard;
			sourceTree = "<group>";
		};
		8304D1D1200669B400EDB750 /* LaunchScreen.storyboard */ = {
			isa = PBXVariantGroup;
			children = (
				8304D1D2200669B400EDB750 /* Base */,
			);
			name = LaunchScreen.storyboard;
			sourceTree = "<group>";
		};
/* End PBXVariantGroup section */

/* Begin XCBuildConfiguration section */
		8304D1EB200669B400EDB750 /* Debug */ = {
			isa = XCBuildConfiguration;
			buildSettings = {
				ALWAYS_SEARCH_USER_PATHS = NO;
				CLANG_ANALYZER_NONNULL = YES;
				CLANG_ANALYZER_NUMBER_OBJECT_CONVERSION = YES_AGGRESSIVE;
				CLANG_CXX_LANGUAGE_STANDARD = "gnu++14";
				CLANG_CXX_LIBRARY = "libc++";
				CLANG_ENABLE_MODULES = YES;
				CLANG_ENABLE_OBJC_ARC = YES;
				CLANG_WARN_BLOCK_CAPTURE_AUTORELEASING = YES;
				CLANG_WARN_BOOL_CONVERSION = YES;
				CLANG_WARN_COMMA = YES;
				CLANG_WARN_CONSTANT_CONVERSION = YES;
				CLANG_WARN_DIRECT_OBJC_ISA_USAGE = YES_ERROR;
				CLANG_WARN_DOCUMENTATION_COMMENTS = YES;
				CLANG_WARN_EMPTY_BODY = YES;
				CLANG_WARN_ENUM_CONVERSION = YES;
				CLANG_WARN_INFINITE_RECURSION = YES;
				CLANG_WARN_INT_CONVERSION = YES;
				CLANG_WARN_NON_LITERAL_NULL_CONVERSION = YES;
				CLANG_WARN_OBJC_LITERAL_CONVERSION = YES;
				CLANG_WARN_OBJC_ROOT_CLASS = YES_ERROR;
				CLANG_WARN_RANGE_LOOP_ANALYSIS = YES;
				CLANG_WARN_STRICT_PROTOTYPES = YES;
				CLANG_WARN_SUSPICIOUS_MOVE = YES;
				CLANG_WARN_UNGUARDED_AVAILABILITY = YES_AGGRESSIVE;
				CLANG_WARN_UNREACHABLE_CODE = YES;
				CLANG_WARN__DUPLICATE_METHOD_MATCH = YES;
				CODE_SIGN_IDENTITY = "iPhone Developer";
				COPY_PHASE_STRIP = NO;
				DEBUG_INFORMATION_FORMAT = dwarf;
				ENABLE_STRICT_OBJC_MSGSEND = YES;
				ENABLE_TESTABILITY = YES;
				GCC_C_LANGUAGE_STANDARD = gnu11;
				GCC_DYNAMIC_NO_PIC = NO;
				GCC_NO_COMMON_BLOCKS = YES;
				GCC_OPTIMIZATION_LEVEL = 0;
				GCC_PREPROCESSOR_DEFINITIONS = (
					"DEBUG=1",
					"$(inherited)",
				);
				GCC_WARN_64_TO_32_BIT_CONVERSION = YES;
				GCC_WARN_ABOUT_RETURN_TYPE = YES_ERROR;
				GCC_WARN_UNDECLARED_SELECTOR = YES;
				GCC_WARN_UNINITIALIZED_AUTOS = YES_AGGRESSIVE;
				GCC_WARN_UNUSED_FUNCTION = YES;
				GCC_WARN_UNUSED_VARIABLE = YES;
				IPHONEOS_DEPLOYMENT_TARGET = 11.2;
				MTL_ENABLE_DEBUG_INFO = YES;
				ONLY_ACTIVE_ARCH = YES;
				SDKROOT = iphoneos;
				SWIFT_ACTIVE_COMPILATION_CONDITIONS = DEBUG;
				SWIFT_OPTIMIZATION_LEVEL = "-Onone";
			};
			name = Debug;
		};
		8304D1EC200669B400EDB750 /* Release */ = {
			isa = XCBuildConfiguration;
			buildSettings = {
				ALWAYS_SEARCH_USER_PATHS = NO;
				CLANG_ANALYZER_NONNULL = YES;
				CLANG_ANALYZER_NUMBER_OBJECT_CONVERSION = YES_AGGRESSIVE;
				CLANG_CXX_LANGUAGE_STANDARD = "gnu++14";
				CLANG_CXX_LIBRARY = "libc++";
				CLANG_ENABLE_MODULES = YES;
				CLANG_ENABLE_OBJC_ARC = YES;
				CLANG_WARN_BLOCK_CAPTURE_AUTORELEASING = YES;
				CLANG_WARN_BOOL_CONVERSION = YES;
				CLANG_WARN_COMMA = YES;
				CLANG_WARN_CONSTANT_CONVERSION = YES;
				CLANG_WARN_DIRECT_OBJC_ISA_USAGE = YES_ERROR;
				CLANG_WARN_DOCUMENTATION_COMMENTS = YES;
				CLANG_WARN_EMPTY_BODY = YES;
				CLANG_WARN_ENUM_CONVERSION = YES;
				CLANG_WARN_INFINITE_RECURSION = YES;
				CLANG_WARN_INT_CONVERSION = YES;
				CLANG_WARN_NON_LITERAL_NULL_CONVERSION = YES;
				CLANG_WARN_OBJC_LITERAL_CONVERSION = YES;
				CLANG_WARN_OBJC_ROOT_CLASS = YES_ERROR;
				CLANG_WARN_RANGE_LOOP_ANALYSIS = YES;
				CLANG_WARN_STRICT_PROTOTYPES = YES;
				CLANG_WARN_SUSPICIOUS_MOVE = YES;
				CLANG_WARN_UNGUARDED_AVAILABILITY = YES_AGGRESSIVE;
				CLANG_WARN_UNREACHABLE_CODE = YES;
				CLANG_WARN__DUPLICATE_METHOD_MATCH = YES;
				CODE_SIGN_IDENTITY = "iPhone Developer";
				COPY_PHASE_STRIP = NO;
				DEBUG_INFORMATION_FORMAT = "dwarf-with-dsym";
				ENABLE_NS_ASSERTIONS = NO;
				ENABLE_STRICT_OBJC_MSGSEND = YES;
				GCC_C_LANGUAGE_STANDARD = gnu11;
				GCC_NO_COMMON_BLOCKS = YES;
				GCC_WARN_64_TO_32_BIT_CONVERSION = YES;
				GCC_WARN_ABOUT_RETURN_TYPE = YES_ERROR;
				GCC_WARN_UNDECLARED_SELECTOR = YES;
				GCC_WARN_UNINITIALIZED_AUTOS = YES_AGGRESSIVE;
				GCC_WARN_UNUSED_FUNCTION = YES;
				GCC_WARN_UNUSED_VARIABLE = YES;
				IPHONEOS_DEPLOYMENT_TARGET = 11.2;
				MTL_ENABLE_DEBUG_INFO = NO;
				SDKROOT = iphoneos;
				SWIFT_OPTIMIZATION_LEVEL = "-Owholemodule";
				VALIDATE_PRODUCT = YES;
			};
			name = Release;
		};
		8304D1EE200669B400EDB750 /* Debug */ = {
			isa = XCBuildConfiguration;
			baseConfigurationReference = 0F5E180E62EF193F9C3E4E71 /* Pods-Flix.debug.xcconfig */;
			buildSettings = {
				ASSETCATALOG_COMPILER_APPICON_NAME = AppIcon;
				CODE_SIGN_STYLE = Automatic;
				INFOPLIST_FILE = Flix/Info.plist;
				LD_RUNPATH_SEARCH_PATHS = "$(inherited) @executable_path/Frameworks";
				PRODUCT_BUNDLE_IDENTIFIER = com.codepath.Flix;
				PRODUCT_NAME = "$(TARGET_NAME)";
				SWIFT_VERSION = 4.0;
				TARGETED_DEVICE_FAMILY = "1,2";
			};
			name = Debug;
		};
		8304D1EF200669B400EDB750 /* Release */ = {
			isa = XCBuildConfiguration;
			baseConfigurationReference = 1BAB21AE60F6AE30E3634C95 /* Pods-Flix.release.xcconfig */;
			buildSettings = {
				ASSETCATALOG_COMPILER_APPICON_NAME = AppIcon;
				CODE_SIGN_STYLE = Automatic;
				INFOPLIST_FILE = Flix/Info.plist;
				LD_RUNPATH_SEARCH_PATHS = "$(inherited) @executable_path/Frameworks";
				PRODUCT_BUNDLE_IDENTIFIER = com.codepath.Flix;
				PRODUCT_NAME = "$(TARGET_NAME)";
				SWIFT_VERSION = 4.0;
				TARGETED_DEVICE_FAMILY = "1,2";
			};
			name = Release;
		};
		8304D1F1200669B400EDB750 /* Debug */ = {
			isa = XCBuildConfiguration;
			baseConfigurationReference = 8EB8CB5F3E82F84B236113CF /* Pods-FlixTests.debug.xcconfig */;
			buildSettings = {
				ALWAYS_EMBED_SWIFT_STANDARD_LIBRARIES = YES;
				BUNDLE_LOADER = "$(TEST_HOST)";
				CODE_SIGN_STYLE = Automatic;
				INFOPLIST_FILE = FlixTests/Info.plist;
				LD_RUNPATH_SEARCH_PATHS = "$(inherited) @executable_path/Frameworks @loader_path/Frameworks";
				PRODUCT_BUNDLE_IDENTIFIER = com.codepath.FlixTests;
				PRODUCT_NAME = "$(TARGET_NAME)";
				SWIFT_VERSION = 4.0;
				TARGETED_DEVICE_FAMILY = "1,2";
				TEST_HOST = "$(BUILT_PRODUCTS_DIR)/Flix.app/Flix";
			};
			name = Debug;
		};
		8304D1F2200669B400EDB750 /* Release */ = {
			isa = XCBuildConfiguration;
			baseConfigurationReference = 9E6BD6C1921A8A0051BECDD2 /* Pods-FlixTests.release.xcconfig */;
			buildSettings = {
				ALWAYS_EMBED_SWIFT_STANDARD_LIBRARIES = YES;
				BUNDLE_LOADER = "$(TEST_HOST)";
				CODE_SIGN_STYLE = Automatic;
				INFOPLIST_FILE = FlixTests/Info.plist;
				LD_RUNPATH_SEARCH_PATHS = "$(inherited) @executable_path/Frameworks @loader_path/Frameworks";
				PRODUCT_BUNDLE_IDENTIFIER = com.codepath.FlixTests;
				PRODUCT_NAME = "$(TARGET_NAME)";
				SWIFT_VERSION = 4.0;
				TARGETED_DEVICE_FAMILY = "1,2";
				TEST_HOST = "$(BUILT_PRODUCTS_DIR)/Flix.app/Flix";
			};
			name = Release;
		};
		8304D1F4200669B400EDB750 /* Debug */ = {
			isa = XCBuildConfiguration;
			baseConfigurationReference = 99DFF0CF1D464E7F49F34275 /* Pods-FlixUITests.debug.xcconfig */;
			buildSettings = {
				ALWAYS_EMBED_SWIFT_STANDARD_LIBRARIES = YES;
				CODE_SIGN_STYLE = Automatic;
				INFOPLIST_FILE = FlixUITests/Info.plist;
				LD_RUNPATH_SEARCH_PATHS = "$(inherited) @executable_path/Frameworks @loader_path/Frameworks";
				PRODUCT_BUNDLE_IDENTIFIER = com.codepath.FlixUITests;
				PRODUCT_NAME = "$(TARGET_NAME)";
				SWIFT_VERSION = 4.0;
				TARGETED_DEVICE_FAMILY = "1,2";
				TEST_TARGET_NAME = Flix;
			};
			name = Debug;
		};
		8304D1F5200669B400EDB750 /* Release */ = {
			isa = XCBuildConfiguration;
			baseConfigurationReference = 709B343911EBDBD3EF0CA669 /* Pods-FlixUITests.release.xcconfig */;
			buildSettings = {
				ALWAYS_EMBED_SWIFT_STANDARD_LIBRARIES = YES;
				CODE_SIGN_STYLE = Automatic;
				INFOPLIST_FILE = FlixUITests/Info.plist;
				LD_RUNPATH_SEARCH_PATHS = "$(inherited) @executable_path/Frameworks @loader_path/Frameworks";
				PRODUCT_BUNDLE_IDENTIFIER = com.codepath.FlixUITests;
				PRODUCT_NAME = "$(TARGET_NAME)";
				SWIFT_VERSION = 4.0;
				TARGETED_DEVICE_FAMILY = "1,2";
				TEST_TARGET_NAME = Flix;
			};
			name = Release;
		};
/* End XCBuildConfiguration section */

/* Begin XCConfigurationList section */
		8304D1C0200669B400EDB750 /* Build configuration list for PBXProject "Flix" */ = {
			isa = XCConfigurationList;
			buildConfigurations = (
				8304D1EB200669B400EDB750 /* Debug */,
				8304D1EC200669B400EDB750 /* Release */,
			);
			defaultConfigurationIsVisible = 0;
			defaultConfigurationName = Release;
		};
		8304D1ED200669B400EDB750 /* Build configuration list for PBXNativeTarget "Flix" */ = {
			isa = XCConfigurationList;
			buildConfigurations = (
				8304D1EE200669B400EDB750 /* Debug */,
				8304D1EF200669B400EDB750 /* Release */,
			);
			defaultConfigurationIsVisible = 0;
			defaultConfigurationName = Release;
		};
		8304D1F0200669B400EDB750 /* Build configuration list for PBXNativeTarget "FlixTests" */ = {
			isa = XCConfigurationList;
			buildConfigurations = (
				8304D1F1200669B400EDB750 /* Debug */,
				8304D1F2200669B400EDB750 /* Release */,
			);
			defaultConfigurationIsVisible = 0;
			defaultConfigurationName = Release;
		};
		8304D1F3200669B400EDB750 /* Build configuration list for PBXNativeTarget "FlixUITests" */ = {
			isa = XCConfigurationList;
			buildConfigurations = (
				8304D1F4200669B400EDB750 /* Debug */,
				8304D1F5200669B400EDB750 /* Release */,
			);
			defaultConfigurationIsVisible = 0;
			defaultConfigurationName = Release;
		};
/* End XCConfigurationList section */
	};
	rootObject = 8304D1BD200669B400EDB750 /* Project object */;
}
